
Microsoft Visual Studio Solution File, Format Version 12.00
# Visual Studio Version 17
VisualStudioVersion = 17.7.34018.315
MinimumVisualStudioVersion = 10.0.40219.1
Project("{FAE04EC0-301F-11D3-BF4B-00C04F79EFBC}") = "exam _linq", "exam _linq\exam _linq.csproj", "{95CB6EB9-E7BF-4F79-8CDA-C4AAAE72CDF9}"
EndProject
Project("{FAE04EC0-301F-11D3-BF4B-00C04F79EFBC}") = "LINQ3", "LINQ3\LINQ3.csproj", "{026EC8BD-09C8-46D1-BE80-341300D6B432}"
EndProject
Project("{FAE04EC0-301F-11D3-BF4B-00C04F79EFBC}") = "LINQ4", "LINQ4\LINQ4.csproj", "{20346D91-3AD9-4185-846B-C2A4D27C6B93}"
EndProject
Global
	GlobalSection(SolutionConfigurationPlatforms) = preSolution
		Debug|Any CPU = Debug|Any CPU
		Release|Any CPU = Release|Any CPU
	EndGlobalSection
	GlobalSection(ProjectConfigurationPlatforms) = postSolution
		{95CB6EB9-E7BF-4F79-8CDA-C4AAAE72CDF9}.Debug|Any CPU.ActiveCfg = Debug|Any CPU
		{95CB6EB9-E7BF-4F79-8CDA-C4AAAE72CDF9}.Debug|Any CPU.Build.0 = Debug|Any CPU
		{95CB6EB9-E7BF-4F79-8CDA-C4AAAE72CDF9}.Release|Any CPU.ActiveCfg = Release|Any CPU
		{95CB6EB9-E7BF-4F79-8CDA-C4AAAE72CDF9}.Release|Any CPU.Build.0 = Release|Any CPU
		{026EC8BD-09C8-46D1-BE80-341300D6B432}.Debug|Any CPU.ActiveCfg = Debug|Any CPU
		{026EC8BD-09C8-46D1-BE80-341300D6B432}.Debug|Any CPU.Build.0 = Debug|Any CPU
		{026EC8BD-09C8-46D1-BE80-341300D6B432}.Release|Any CPU.ActiveCfg = Release|Any CPU
		{026EC8BD-09C8-46D1-BE80-341300D6B432}.Release|Any CPU.Build.0 = Release|Any CPU
		{20346D91-3AD9-4185-846B-C2A4D27C6B93}.Debug|Any CPU.ActiveCfg = Debug|Any CPU
		{20346D91-3AD9-4185-846B-C2A4D27C6B93}.Debug|Any CPU.Build.0 = Debug|Any CPU
		{20346D91-3AD9-4185-846B-C2A4D27C6B93}.Release|Any CPU.ActiveCfg = Release|Any CPU
		{20346D91-3AD9-4185-846B-C2A4D27C6B93}.Release|Any CPU.Build.0 = Release|Any CPU
	EndGlobalSection
	GlobalSection(SolutionProperties) = preSolution
		HideSolutionNode = FALSE
	EndGlobalSection
	GlobalSection(ExtensibilityGlobals) = postSolution
		SolutionGuid = {19219F02-CD45-482E-8493-733B3A727D55}
	EndGlobalSection
EndGlobal
